{
  "name": "photography-portfolio-enhanced",
  "lockfileVersion": 3,
  "requires": true,
  "packages": {
    "": {
      "dependencies": {
        "@react-three/postprocessing": "^3.0.4",
        "postprocessing": "^6.39.1",
        "simplex-noise": "^4.0.3"
      }
    },
    "node_modules/@react-three/postprocessing": {
      "version": "3.0.4",
      "resolved": "https://registry.npmjs.org/@react-three/postprocessing/-/postprocessing-3.0.4.tgz",
      "integrity": "sha512-e4+F5xtudDYvhxx3y0NtWXpZbwvQ0x1zdOXWTbXMK6fFLVDd4qucN90YaaStanZGS4Bd5siQm0lGL/5ogf8iDQ==",
      "license": "MIT",
      "dependencies": {
        "maath": "^0.6.0",
        "n8ao": "^1.9.4",
        "postprocessing": "^6.36.6"
      },
      "peerDependencies": {
        "@react-three/fiber": "^9.0.0",
        "react": "^19.0",
        "three": ">= 0.156.0"
      }
    },
    "node_modules/maath": {
      "version": "0.6.0",
      "resolved": "https://registry.npmjs.org/maath/-/maath-0.6.0.tgz",
      "integrity": "sha512-dSb2xQuP7vDnaYqfoKzlApeRcR2xtN8/f7WV/TMAkBC8552TwTLtOO0JTcSygkYMjNDPoo6V01jTw/aPi4JrMw==",
      "license": "MIT",
      "peerDependencies": {
        "@types/three": ">=0.144.0",
        "three": ">=0.144.0"
      }
    },
    "node_modules/n8ao": {
      "version": "1.10.1",
      "resolved": "https://registry.npmjs.org/n8ao/-/n8ao-1.10.1.tgz",
      "integrity": "sha512-hhI1pC+BfOZBV1KMwynBrVlIm8wqLxj/abAWhF2nZ0qQKyzTSQa1QtLVS2veRiuoBQXojxobcnp0oe+PUoxf/w==",
      "license": "ISC",
      "peerDependencies": {
        "postprocessing": ">=6.30.0",
        "three": ">=0.137"
      }
    },
    "node_modules/postprocessing": {
      "version": "6.39.1",
      "resolved": "https://registry.npmjs.org/postprocessing/-/postprocessing-6.39.1.tgz",
      "integrity": "sha512-R2dG2zy+BAx3USl5EHw+PvnrlbT5PKnZVp3se0HCR0pWH8WQdh742yNG4YWOsq6c0bFpffk0Gd2RqPeoP/wKng==",
      "license": "Zlib",
      "peerDependencies": {
        "three": ">= 0.168.0 < 0.185.0"
      }
    },
    "node_modules/simplex-noise": {
      "version": "4.0.3",
      "resolved": "https://registry.npmjs.org/simplex-noise/-/simplex-noise-4.0.3.tgz",
      "integrity": "sha512-qSE2I4AngLQG7BXqoZj51jokT4WUXe8mOBrvfOXpci8+6Yu44+/dD5zqDpOx3Ux792eamTd2lLcI8jqFntk/lg==",
      "license": "MIT"
    }
  }
}
